
Microsoft Visual Studio Solution File, Format Version 12.00
# Visual Studio 14
VisualStudioVersion = 14.0.25420.1
MinimumVisualStudioVersion = 10.0.40219.1
Project("{2150E333-8FDC-42A3-9474-1A3956D46DE8}") = "Data", "Data", "{51ABB0F2-A868-4ACD-9E07-C83476B5BB6A}"
EndProject
Project("{2150E333-8FDC-42A3-9474-1A3956D46DE8}") = "Services", "Services", "{7CFA8634-C6A7-4514-8720-6A0DAC434958}"
EndProject
Project("{2150E333-8FDC-42A3-9474-1A3956D46DE8}") = "Web", "Web", "{D2A35C2D-CA05-4538-B9BC-415FB89495FC}"
EndProject
Project("{2150E333-8FDC-42A3-9474-1A3956D46DE8}") = "Core", "Core", "{6726D8E7-E25A-4456-B659-A23AE0DD4DD5}"
EndProject
Project("{FAE04EC0-301F-11D3-BF4B-00C04F79EFBC}") = "Store", "Data\Store\Store.csproj", "{E783D67A-D030-433D-9569-124A4FFCA5B9}"
EndProject
Project("{FAE04EC0-301F-11D3-BF4B-00C04F79EFBC}") = "SyncService", "Services\SyncService\SyncService.csproj", "{06D86ABD-4ADC-47B0-A492-5D7F3AB1FB33}"
EndProject
Project("{FAE04EC0-301F-11D3-BF4B-00C04F79EFBC}") = "Temperature", "Services\Temperature\Temperature.csproj", "{EF7D0F62-0BFA-4AA0-92BA-EB864016513A}"
EndProject
Project("{FAE04EC0-301F-11D3-BF4B-00C04F79EFBC}") = "Model", "Core\Model\Model.csproj", "{59FED9B6-E004-4257-89A8-93143F4C6E0B}"
EndProject
Project("{FAE04EC0-301F-11D3-BF4B-00C04F79EFBC}") = "DownloadManager", "Services\DownloadManager\DownloadManager.csproj", "{B8AC33BF-503E-4FD0-B5C0-AEA408870386}"
EndProject
Project("{FAE04EC0-301F-11D3-BF4B-00C04F79EFBC}") = "Client", "Web\Client\Client.csproj", "{AE347FE3-2718-4690-9852-BB1BF760D9EC}"
EndProject
Global
	GlobalSection(SolutionConfigurationPlatforms) = preSolution
		Debug|Any CPU = Debug|Any CPU
		Debug|x64 = Debug|x64
		Release|Any CPU = Release|Any CPU
		Release|x64 = Release|x64
	EndGlobalSection
	GlobalSection(ProjectConfigurationPlatforms) = postSolution
		{E783D67A-D030-433D-9569-124A4FFCA5B9}.Debug|Any CPU.ActiveCfg = Debug|Any CPU
		{E783D67A-D030-433D-9569-124A4FFCA5B9}.Debug|Any CPU.Build.0 = Debug|Any CPU
		{E783D67A-D030-433D-9569-124A4FFCA5B9}.Debug|x64.ActiveCfg = Debug|x64
		{E783D67A-D030-433D-9569-124A4FFCA5B9}.Debug|x64.Build.0 = Debug|x64
		{E783D67A-D030-433D-9569-124A4FFCA5B9}.Release|Any CPU.ActiveCfg = Release|Any CPU
		{E783D67A-D030-433D-9569-124A4FFCA5B9}.Release|Any CPU.Build.0 = Release|Any CPU
		{E783D67A-D030-433D-9569-124A4FFCA5B9}.Release|x64.ActiveCfg = Release|x64
		{E783D67A-D030-433D-9569-124A4FFCA5B9}.Release|x64.Build.0 = Release|x64
		{06D86ABD-4ADC-47B0-A492-5D7F3AB1FB33}.Debug|Any CPU.ActiveCfg = Debug|Any CPU
		{06D86ABD-4ADC-47B0-A492-5D7F3AB1FB33}.Debug|Any CPU.Build.0 = Debug|Any CPU
		{06D86ABD-4ADC-47B0-A492-5D7F3AB1FB33}.Debug|x64.ActiveCfg = Debug|x64
		{06D86ABD-4ADC-47B0-A492-5D7F3AB1FB33}.Debug|x64.Build.0 = Debug|x64
		{06D86ABD-4ADC-47B0-A492-5D7F3AB1FB33}.Release|Any CPU.ActiveCfg = Release|Any CPU
		{06D86ABD-4ADC-47B0-A492-5D7F3AB1FB33}.Release|Any CPU.Build.0 = Release|Any CPU
		{06D86ABD-4ADC-47B0-A492-5D7F3AB1FB33}.Release|x64.ActiveCfg = Release|x64
		{06D86ABD-4ADC-47B0-A492-5D7F3AB1FB33}.Release|x64.Build.0 = Release|x64
		{EF7D0F62-0BFA-4AA0-92BA-EB864016513A}.Debug|Any CPU.ActiveCfg = Debug|Any CPU
		{EF7D0F62-0BFA-4AA0-92BA-EB864016513A}.Debug|Any CPU.Build.0 = Debug|Any CPU
		{EF7D0F62-0BFA-4AA0-92BA-EB864016513A}.Debug|x64.ActiveCfg = Debug|x64
		{EF7D0F62-0BFA-4AA0-92BA-EB864016513A}.Debug|x64.Build.0 = Debug|x64
		{EF7D0F62-0BFA-4AA0-92BA-EB864016513A}.Release|Any CPU.ActiveCfg = Release|Any CPU
		{EF7D0F62-0BFA-4AA0-92BA-EB864016513A}.Release|Any CPU.Build.0 = Release|Any CPU
		{EF7D0F62-0BFA-4AA0-92BA-EB864016513A}.Release|x64.ActiveCfg = Release|x64
		{EF7D0F62-0BFA-4AA0-92BA-EB864016513A}.Release|x64.Build.0 = Release|x64
		{59FED9B6-E004-4257-89A8-93143F4C6E0B}.Debug|Any CPU.ActiveCfg = Debug|Any CPU
		{59FED9B6-E004-4257-89A8-93143F4C6E0B}.Debug|Any CPU.Build.0 = Debug|Any CPU
		{59FED9B6-E004-4257-89A8-93143F4C6E0B}.Debug|x64.ActiveCfg = Debug|x64
		{59FED9B6-E004-4257-89A8-93143F4C6E0B}.Debug|x64.Build.0 = Debug|x64
		{59FED9B6-E004-4257-89A8-93143F4C6E0B}.Release|Any CPU.ActiveCfg = Release|Any CPU
		{59FED9B6-E004-4257-89A8-93143F4C6E0B}.Release|Any CPU.Build.0 = Release|Any CPU
		{59FED9B6-E004-4257-89A8-93143F4C6E0B}.Release|x64.ActiveCfg = Release|x64
		{59FED9B6-E004-4257-89A8-93143F4C6E0B}.Release|x64.Build.0 = Release|x64
		{B8AC33BF-503E-4FD0-B5C0-AEA408870386}.Debug|Any CPU.ActiveCfg = Debug|Any CPU
		{B8AC33BF-503E-4FD0-B5C0-AEA408870386}.Debug|Any CPU.Build.0 = Debug|Any CPU
		{B8AC33BF-503E-4FD0-B5C0-AEA408870386}.Debug|x64.ActiveCfg = Debug|x64
		{B8AC33BF-503E-4FD0-B5C0-AEA408870386}.Debug|x64.Build.0 = Debug|x64
		{B8AC33BF-503E-4FD0-B5C0-AEA408870386}.Release|Any CPU.ActiveCfg = Release|Any CPU
		{B8AC33BF-503E-4FD0-B5C0-AEA408870386}.Release|Any CPU.Build.0 = Release|Any CPU
		{B8AC33BF-503E-4FD0-B5C0-AEA408870386}.Release|x64.ActiveCfg = Release|x64
		{B8AC33BF-503E-4FD0-B5C0-AEA408870386}.Release|x64.Build.0 = Release|x64
		{AE347FE3-2718-4690-9852-BB1BF760D9EC}.Debug|Any CPU.ActiveCfg = Debug|Any CPU
		{AE347FE3-2718-4690-9852-BB1BF760D9EC}.Debug|Any CPU.Build.0 = Debug|Any CPU
		{AE347FE3-2718-4690-9852-BB1BF760D9EC}.Debug|x64.ActiveCfg = Debug|x64
		{AE347FE3-2718-4690-9852-BB1BF760D9EC}.Debug|x64.Build.0 = Debug|x64
		{AE347FE3-2718-4690-9852-BB1BF760D9EC}.Release|Any CPU.ActiveCfg = Release|Any CPU
		{AE347FE3-2718-4690-9852-BB1BF760D9EC}.Release|Any CPU.Build.0 = Release|Any CPU
		{AE347FE3-2718-4690-9852-BB1BF760D9EC}.Release|x64.ActiveCfg = Release|x64
		{AE347FE3-2718-4690-9852-BB1BF760D9EC}.Release|x64.Build.0 = Release|x64
	EndGlobalSection
	GlobalSection(SolutionProperties) = preSolution
		HideSolutionNode = FALSE
	EndGlobalSection
	GlobalSection(NestedProjects) = preSolution
		{E783D67A-D030-433D-9569-124A4FFCA5B9} = {51ABB0F2-A868-4ACD-9E07-C83476B5BB6A}
		{06D86ABD-4ADC-47B0-A492-5D7F3AB1FB33} = {7CFA8634-C6A7-4514-8720-6A0DAC434958}
		{EF7D0F62-0BFA-4AA0-92BA-EB864016513A} = {7CFA8634-C6A7-4514-8720-6A0DAC434958}
		{59FED9B6-E004-4257-89A8-93143F4C6E0B} = {6726D8E7-E25A-4456-B659-A23AE0DD4DD5}
		{B8AC33BF-503E-4FD0-B5C0-AEA408870386} = {7CFA8634-C6A7-4514-8720-6A0DAC434958}
		{AE347FE3-2718-4690-9852-BB1BF760D9EC} = {D2A35C2D-CA05-4538-B9BC-415FB89495FC}
	EndGlobalSection
EndGlobal
